
Microsoft Visual Studio Solution File, Format Version 12.00
# Visual Studio Version 17
VisualStudioVersion = 17.9.34728.123
MinimumVisualStudioVersion = 10.0.40219.1
Project("{FAE04EC0-301F-11D3-BF4B-00C04F79EFBC}") = "HomeApp.UWP", "HomeApp\HomeApp.UWP\HomeApp.UWP.csproj", "{4DACCD6E-8692-4BD8-9095-DD412704C0B0}"
EndProject
Project("{FAE04EC0-301F-11D3-BF4B-00C04F79EFBC}") = "HomeApp.Android", "HomeApp\HomeApp.Android\HomeApp.Android.csproj", "{4B51A7DB-EC01-49EA-821B-FF3CB8ABF82F}"
EndProject
Project("{FAE04EC0-301F-11D3-BF4B-00C04F79EFBC}") = "HomeApp.iOS", "HomeApp\HomeApp.iOS\HomeApp.iOS.csproj", "{1820BB7A-3DB0-4618-ACF3-AD33E899A00B}"
EndProject
Project("{FAE04EC0-301F-11D3-BF4B-00C04F79EFBC}") = "HomeApp", "HomeApp\HomeApp\HomeApp.csproj", "{5CB869FB-1E24-4CE7-911E-FC803604E161}"
EndProject
Global
	GlobalSection(SolutionConfigurationPlatforms) = preSolution
		Debug|Any CPU = Debug|Any CPU
		Debug|ARM = Debug|ARM
		Debug|iPhone = Debug|iPhone
		Debug|iPhoneSimulator = Debug|iPhoneSimulator
		Debug|x64 = Debug|x64
		Debug|x86 = Debug|x86
		Release|Any CPU = Release|Any CPU
		Release|ARM = Release|ARM
		Release|iPhone = Release|iPhone
		Release|iPhoneSimulator = Release|iPhoneSimulator
		Release|x64 = Release|x64
		Release|x86 = Release|x86
	EndGlobalSection
	GlobalSection(ProjectConfigurationPlatforms) = postSolution
		{4DACCD6E-8692-4BD8-9095-DD412704C0B0}.Debug|Any CPU.ActiveCfg = Debug|x64
		{4DACCD6E-8692-4BD8-9095-DD412704C0B0}.Debug|Any CPU.Build.0 = Debug|x64
		{4DACCD6E-8692-4BD8-9095-DD412704C0B0}.Debug|Any CPU.Deploy.0 = Debug|x64
		{4DACCD6E-8692-4BD8-9095-DD412704C0B0}.Debug|ARM.ActiveCfg = Debug|ARM
		{4DACCD6E-8692-4BD8-9095-DD412704C0B0}.Debug|ARM.Build.0 = Debug|ARM
		{4DACCD6E-8692-4BD8-9095-DD412704C0B0}.Debug|ARM.Deploy.0 = Debug|ARM
		{4DACCD6E-8692-4BD8-9095-DD412704C0B0}.Debug|iPhone.ActiveCfg = Debug|x64
		{4DACCD6E-8692-4BD8-9095-DD412704C0B0}.Debug|iPhone.Build.0 = Debug|x64
		{4DACCD6E-8692-4BD8-9095-DD412704C0B0}.Debug|iPhone.Deploy.0 = Debug|x64
		{4DACCD6E-8692-4BD8-9095-DD412704C0B0}.Debug|iPhoneSimulator.ActiveCfg = Debug|x64
		{4DACCD6E-8692-4BD8-9095-DD412704C0B0}.Debug|iPhoneSimulator.Build.0 = Debug|x64
		{4DACCD6E-8692-4BD8-9095-DD412704C0B0}.Debug|iPhoneSimulator.Deploy.0 = Debug|x64
		{4DACCD6E-8692-4BD8-9095-DD412704C0B0}.Debug|x64.ActiveCfg = Debug|x64
		{4DACCD6E-8692-4BD8-9095-DD412704C0B0}.Debug|x64.Build.0 = Debug|x64
		{4DACCD6E-8692-4BD8-9095-DD412704C0B0}.Debug|x64.Deploy.0 = Debug|x64
		{4DACCD6E-8692-4BD8-9095-DD412704C0B0}.Debug|x86.ActiveCfg = Debug|x86
		{4DACCD6E-8692-4BD8-9095-DD412704C0B0}.Debug|x86.Build.0 = Debug|x86
		{4DACCD6E-8692-4BD8-9095-DD412704C0B0}.Debug|x86.Deploy.0 = Debug|x86
		{4DACCD6E-8692-4BD8-9095-DD412704C0B0}.Release|Any CPU.ActiveCfg = Release|x64
		{4DACCD6E-8692-4BD8-9095-DD412704C0B0}.Release|Any CPU.Build.0 = Release|x64
		{4DACCD6E-8692-4BD8-9095-DD412704C0B0}.Release|Any CPU.Deploy.0 = Release|x64
		{4DACCD6E-8692-4BD8-9095-DD412704C0B0}.Release|ARM.ActiveCfg = Release|ARM
		{4DACCD6E-8692-4BD8-9095-DD412704C0B0}.Release|ARM.Build.0 = Release|ARM
		{4DACCD6E-8692-4BD8-9095-DD412704C0B0}.Release|ARM.Deploy.0 = Release|ARM
		{4DACCD6E-8692-4BD8-9095-DD412704C0B0}.Release|iPhone.ActiveCfg = Release|x64
		{4DACCD6E-8692-4BD8-9095-DD412704C0B0}.Release|iPhone.Build.0 = Release|x64
		{4DACCD6E-8692-4BD8-9095-DD412704C0B0}.Release|iPhone.Deploy.0 = Release|x64
		{4DACCD6E-8692-4BD8-9095-DD412704C0B0}.Release|iPhoneSimulator.ActiveCfg = Release|x64
		{4DACCD6E-8692-4BD8-9095-DD412704C0B0}.Release|iPhoneSimulator.Build.0 = Release|x64
		{4DACCD6E-8692-4BD8-9095-DD412704C0B0}.Release|iPhoneSimulator.Deploy.0 = Release|x64
		{4DACCD6E-8692-4BD8-9095-DD412704C0B0}.Release|x64.ActiveCfg = Release|x64
		{4DACCD6E-8692-4BD8-9095-DD412704C0B0}.Release|x64.Build.0 = Release|x64
		{4DACCD6E-8692-4BD8-9095-DD412704C0B0}.Release|x64.Deploy.0 = Release|x64
		{4DACCD6E-8692-4BD8-9095-DD412704C0B0}.Release|x86.ActiveCfg = Release|x86
		{4DACCD6E-8692-4BD8-9095-DD412704C0B0}.Release|x86.Build.0 = Release|x86
		{4DACCD6E-8692-4BD8-9095-DD412704C0B0}.Release|x86.Deploy.0 = Release|x86
		{4B51A7DB-EC01-49EA-821B-FF3CB8ABF82F}.Debug|Any CPU.ActiveCfg = Debug|Any CPU
		{4B51A7DB-EC01-49EA-821B-FF3CB8ABF82F}.Debug|Any CPU.Build.0 = Debug|Any CPU
		{4B51A7DB-EC01-49EA-821B-FF3CB8ABF82F}.Debug|Any CPU.Deploy.0 = Debug|Any CPU
		{4B51A7DB-EC01-49EA-821B-FF3CB8ABF82F}.Debug|ARM.ActiveCfg = Debug|Any CPU
		{4B51A7DB-EC01-49EA-821B-FF3CB8ABF82F}.Debug|ARM.Build.0 = Debug|Any CPU
		{4B51A7DB-EC01-49EA-821B-FF3CB8ABF82F}.Debug|ARM.Deploy.0 = Debug|Any CPU
		{4B51A7DB-EC01-49EA-821B-FF3CB8ABF82F}.Debug|iPhone.ActiveCfg = Debug|Any CPU
		{4B51A7DB-EC01-49EA-821B-FF3CB8ABF82F}.Debug|iPhone.Build.0 = Debug|Any CPU
		{4B51A7DB-EC01-49EA-821B-FF3CB8ABF82F}.Debug|iPhone.Deploy.0 = Debug|Any CPU
		{4B51A7DB-EC01-49EA-821B-FF3CB8ABF82F}.Debug|iPhoneSimulator.ActiveCfg = Debug|Any CPU
		{4B51A7DB-EC01-49EA-821B-FF3CB8ABF82F}.Debug|iPhoneSimulator.Build.0 = Debug|Any CPU
		{4B51A7DB-EC01-49EA-821B-FF3CB8ABF82F}.Debug|iPhoneSimulator.Deploy.0 = Debug|Any CPU
		{4B51A7DB-EC01-49EA-821B-FF3CB8ABF82F}.Debug|x64.ActiveCfg = Debug|Any CPU
		{4B51A7DB-EC01-49EA-821B-FF3CB8ABF82F}.Debug|x64.Build.0 = Debug|Any CPU
		{4B51A7DB-EC01-49EA-821B-FF3CB8ABF82F}.Debug|x64.Deploy.0 = Debug|Any CPU
		{4B51A7DB-EC01-49EA-821B-FF3CB8ABF82F}.Debug|x86.ActiveCfg = Debug|Any CPU
		{4B51A7DB-EC01-49EA-821B-FF3CB8ABF82F}.Debug|x86.Build.0 = Debug|Any CPU
		{4B51A7DB-EC01-49EA-821B-FF3CB8ABF82F}.Debug|x86.Deploy.0 = Debug|Any CPU
		{4B51A7DB-EC01-49EA-821B-FF3CB8ABF82F}.Release|Any CPU.ActiveCfg = Release|Any CPU
		{4B51A7DB-EC01-49EA-821B-FF3CB8ABF82F}.Release|Any CPU.Build.0 = Release|Any CPU
		{4B51A7DB-EC01-49EA-821B-FF3CB8ABF82F}.Release|Any CPU.Deploy.0 = Release|Any CPU
		{4B51A7DB-EC01-49EA-821B-FF3CB8ABF82F}.Release|ARM.ActiveCfg = Release|Any CPU
		{4B51A7DB-EC01-49EA-821B-FF3CB8ABF82F}.Release|ARM.Build.0 = Release|Any CPU
		{4B51A7DB-EC01-49EA-821B-FF3CB8ABF82F}.Release|ARM.Deploy.0 = Release|Any CPU
		{4B51A7DB-EC01-49EA-821B-FF3CB8ABF82F}.Release|iPhone.ActiveCfg = Release|Any CPU
		{4B51A7DB-EC01-49EA-821B-FF3CB8ABF82F}.Release|iPhone.Build.0 = Release|Any CPU
		{4B51A7DB-EC01-49EA-821B-FF3CB8ABF82F}.Release|iPhone.Deploy.0 = Release|Any CPU
		{4B51A7DB-EC01-49EA-821B-FF3CB8ABF82F}.Release|iPhoneSimulator.ActiveCfg = Release|Any CPU
		{4B51A7DB-EC01-49EA-821B-FF3CB8ABF82F}.Release|iPhoneSimulator.Build.0 = Release|Any CPU
		{4B51A7DB-EC01-49EA-821B-FF3CB8ABF82F}.Release|iPhoneSimulator.Deploy.0 = Release|Any CPU
		{4B51A7DB-EC01-49EA-821B-FF3CB8ABF82F}.Release|x64.ActiveCfg = Release|Any CPU
		{4B51A7DB-EC01-49EA-821B-FF3CB8ABF82F}.Release|x64.Build.0 = Release|Any CPU
		{4B51A7DB-EC01-49EA-821B-FF3CB8ABF82F}.Release|x64.Deploy.0 = Release|Any CPU
		{4B51A7DB-EC01-49EA-821B-FF3CB8ABF82F}.Release|x86.ActiveCfg = Release|Any CPU
		{4B51A7DB-EC01-49EA-821B-FF3CB8ABF82F}.Release|x86.Build.0 = Release|Any CPU
		{4B51A7DB-EC01-49EA-821B-FF3CB8ABF82F}.Release|x86.Deploy.0 = Release|Any CPU
		{1820BB7A-3DB0-4618-ACF3-AD33E899A00B}.Debug|Any CPU.ActiveCfg = Debug|iPhoneSimulator
		{1820BB7A-3DB0-4618-ACF3-AD33E899A00B}.Debug|Any CPU.Build.0 = Debug|iPhoneSimulator
		{1820BB7A-3DB0-4618-ACF3-AD33E899A00B}.Debug|Any CPU.Deploy.0 = Debug|iPhoneSimulator
		{1820BB7A-3DB0-4618-ACF3-AD33E899A00B}.Debug|ARM.ActiveCfg = Debug|iPhoneSimulator
		{1820BB7A-3DB0-4618-ACF3-AD33E899A00B}.Debug|ARM.Build.0 = Debug|iPhoneSimulator
		{1820BB7A-3DB0-4618-ACF3-AD33E899A00B}.Debug|ARM.Deploy.0 = Debug|iPhoneSimulator
		{1820BB7A-3DB0-4618-ACF3-AD33E899A00B}.Debug|iPhone.ActiveCfg = Debug|iPhone
		{1820BB7A-3DB0-4618-ACF3-AD33E899A00B}.Debug|iPhone.Build.0 = Debug|iPhone
		{1820BB7A-3DB0-4618-ACF3-AD33E899A00B}.Debug|iPhone.Deploy.0 = Debug|iPhone
		{1820BB7A-3DB0-4618-ACF3-AD33E899A00B}.Debug|iPhoneSimulator.ActiveCfg = Debug|iPhoneSimulator
		{1820BB7A-3DB0-4618-ACF3-AD33E899A00B}.Debug|iPhoneSimulator.Build.0 = Debug|iPhoneSimulator
		{1820BB7A-3DB0-4618-ACF3-AD33E899A00B}.Debug|iPhoneSimulator.Deploy.0 = Debug|iPhoneSimulator
		{1820BB7A-3DB0-4618-ACF3-AD33E899A00B}.Debug|x64.ActiveCfg = Debug|iPhone
		{1820BB7A-3DB0-4618-ACF3-AD33E899A00B}.Debug|x64.Build.0 = Debug|iPhone
		{1820BB7A-3DB0-4618-ACF3-AD33E899A00B}.Debug|x64.Deploy.0 = Debug|iPhone
		{1820BB7A-3DB0-4618-ACF3-AD33E899A00B}.Debug|x86.ActiveCfg = Debug|iPhoneSimulator
		{1820BB7A-3DB0-4618-ACF3-AD33E899A00B}.Debug|x86.Build.0 = Debug|iPhoneSimulator
		{1820BB7A-3DB0-4618-ACF3-AD33E899A00B}.Debug|x86.Deploy.0 = Debug|iPhoneSimulator
		{1820BB7A-3DB0-4618-ACF3-AD33E899A00B}.Release|Any CPU.ActiveCfg = Release|iPhoneSimulator
		{1820BB7A-3DB0-4618-ACF3-AD33E899A00B}.Release|Any CPU.Build.0 = Release|iPhoneSimulator
		{1820BB7A-3DB0-4618-ACF3-AD33E899A00B}.Release|Any CPU.Deploy.0 = Release|iPhoneSimulator
		{1820BB7A-3DB0-4618-ACF3-AD33E899A00B}.Release|ARM.ActiveCfg = Release|iPhoneSimulator
		{1820BB7A-3DB0-4618-ACF3-AD33E899A00B}.Release|ARM.Build.0 = Release|iPhoneSimulator
		{1820BB7A-3DB0-4618-ACF3-AD33E899A00B}.Release|ARM.Deploy.0 = Release|iPhoneSimulator
		{1820BB7A-3DB0-4618-ACF3-AD33E899A00B}.Release|iPhone.ActiveCfg = Release|iPhone
		{1820BB7A-3DB0-4618-ACF3-AD33E899A00B}.Release|iPhone.Build.0 = Release|iPhone
		{1820BB7A-3DB0-4618-ACF3-AD33E899A00B}.Release|iPhone.Deploy.0 = Release|iPhone
		{1820BB7A-3DB0-4618-ACF3-AD33E899A00B}.Release|iPhoneSimulator.ActiveCfg = Release|iPhoneSimulator
		{1820BB7A-3DB0-4618-ACF3-AD33E899A00B}.Release|iPhoneSimulator.Build.0 = Release|iPhoneSimulator
		{1820BB7A-3DB0-4618-ACF3-AD33E899A00B}.Release|iPhoneSimulator.Deploy.0 = Release|iPhoneSimulator
		{1820BB7A-3DB0-4618-ACF3-AD33E899A00B}.Release|x64.ActiveCfg = Release|iPhoneSimulator
		{1820BB7A-3DB0-4618-ACF3-AD33E899A00B}.Release|x64.Build.0 = Release|iPhoneSimulator
		{1820BB7A-3DB0-4618-ACF3-AD33E899A00B}.Release|x64.Deploy.0 = Release|iPhoneSimulator
		{1820BB7A-3DB0-4618-ACF3-AD33E899A00B}.Release|x86.ActiveCfg = Release|iPhoneSimulator
		{1820BB7A-3DB0-4618-ACF3-AD33E899A00B}.Release|x86.Build.0 = Release|iPhoneSimulator
		{1820BB7A-3DB0-4618-ACF3-AD33E899A00B}.Release|x86.Deploy.0 = Release|iPhoneSimulator
		{5CB869FB-1E24-4CE7-911E-FC803604E161}.Debug|Any CPU.ActiveCfg = Debug|Any CPU
		{5CB869FB-1E24-4CE7-911E-FC803604E161}.Debug|Any CPU.Build.0 = Debug|Any CPU
		{5CB869FB-1E24-4CE7-911E-FC803604E161}.Debug|Any CPU.Deploy.0 = Debug|Any CPU
		{5CB869FB-1E24-4CE7-911E-FC803604E161}.Debug|ARM.ActiveCfg = Debug|Any CPU
		{5CB869FB-1E24-4CE7-911E-FC803604E161}.Debug|ARM.Build.0 = Debug|Any CPU
		{5CB869FB-1E24-4CE7-911E-FC803604E161}.Debug|ARM.Deploy.0 = Debug|Any CPU
		{5CB869FB-1E24-4CE7-911E-FC803604E161}.Debug|iPhone.ActiveCfg = Debug|Any CPU
		{5CB869FB-1E24-4CE7-911E-FC803604E161}.Debug|iPhone.Build.0 = Debug|Any CPU
		{5CB869FB-1E24-4CE7-911E-FC803604E161}.Debug|iPhone.Deploy.0 = Debug|Any CPU
		{5CB869FB-1E24-4CE7-911E-FC803604E161}.Debug|iPhoneSimulator.ActiveCfg = Debug|Any CPU
		{5CB869FB-1E24-4CE7-911E-FC803604E161}.Debug|iPhoneSimulator.Build.0 = Debug|Any CPU
		{5CB869FB-1E24-4CE7-911E-FC803604E161}.Debug|iPhoneSimulator.Deploy.0 = Debug|Any CPU
		{5CB869FB-1E24-4CE7-911E-FC803604E161}.Debug|x64.ActiveCfg = Debug|Any CPU
		{5CB869FB-1E24-4CE7-911E-FC803604E161}.Debug|x64.Build.0 = Debug|Any CPU
		{5CB869FB-1E24-4CE7-911E-FC803604E161}.Debug|x64.Deploy.0 = Debug|Any CPU
		{5CB869FB-1E24-4CE7-911E-FC803604E161}.Debug|x86.ActiveCfg = Debug|Any CPU
		{5CB869FB-1E24-4CE7-911E-FC803604E161}.Debug|x86.Build.0 = Debug|Any CPU
		{5CB869FB-1E24-4CE7-911E-FC803604E161}.Debug|x86.Deploy.0 = Debug|Any CPU
		{5CB869FB-1E24-4CE7-911E-FC803604E161}.Release|Any CPU.ActiveCfg = Release|Any CPU
		{5CB869FB-1E24-4CE7-911E-FC803604E161}.Release|Any CPU.Build.0 = Release|Any CPU
		{5CB869FB-1E24-4CE7-911E-FC803604E161}.Release|Any CPU.Deploy.0 = Release|Any CPU
		{5CB869FB-1E24-4CE7-911E-FC803604E161}.Release|ARM.ActiveCfg = Release|Any CPU
		{5CB869FB-1E24-4CE7-911E-FC803604E161}.Release|ARM.Build.0 = Release|Any CPU
		{5CB869FB-1E24-4CE7-911E-FC803604E161}.Release|ARM.Deploy.0 = Release|Any CPU
		{5CB869FB-1E24-4CE7-911E-FC803604E161}.Release|iPhone.ActiveCfg = Release|Any CPU
		{5CB869FB-1E24-4CE7-911E-FC803604E161}.Release|iPhone.Build.0 = Release|Any CPU
		{5CB869FB-1E24-4CE7-911E-FC803604E161}.Release|iPhone.Deploy.0 = Release|Any CPU
		{5CB869FB-1E24-4CE7-911E-FC803604E161}.Release|iPhoneSimulator.ActiveCfg = Release|Any CPU
		{5CB869FB-1E24-4CE7-911E-FC803604E161}.Release|iPhoneSimulator.Build.0 = Release|Any CPU
		{5CB869FB-1E24-4CE7-911E-FC803604E161}.Release|iPhoneSimulator.Deploy.0 = Release|Any CPU
		{5CB869FB-1E24-4CE7-911E-FC803604E161}.Release|x64.ActiveCfg = Release|Any CPU
		{5CB869FB-1E24-4CE7-911E-FC803604E161}.Release|x64.Build.0 = Release|Any CPU
		{5CB869FB-1E24-4CE7-911E-FC803604E161}.Release|x64.Deploy.0 = Release|Any CPU
		{5CB869FB-1E24-4CE7-911E-FC803604E161}.Release|x86.ActiveCfg = Release|Any CPU
		{5CB869FB-1E24-4CE7-911E-FC803604E161}.Release|x86.Build.0 = Release|Any CPU
		{5CB869FB-1E24-4CE7-911E-FC803604E161}.Release|x86.Deploy.0 = Release|Any CPU
	EndGlobalSection
	GlobalSection(SolutionProperties) = preSolution
		HideSolutionNode = FALSE
	EndGlobalSection
	GlobalSection(ExtensibilityGlobals) = postSolution
		SolutionGuid = {0E68E4B3-DFE5-43CD-BE0A-70DF05FFE160}
	EndGlobalSection
EndGlobal
